
Microsoft Visual Studio Solution File, Format Version 12.00
# Visual Studio Version 16
VisualStudioVersion = 16.0.33214.272
MinimumVisualStudioVersion = 10.0.40219.1
Project("{FAE04EC0-301F-11D3-BF4B-00C04F79EFBC}") = "RegisterApp", "RegisterApp\RegisterApp.csproj", "{78AA18AC-A83D-4CF3-90DD-9468BB1C9F13}"
EndProject
Global
	GlobalSection(SolutionConfigurationPlatforms) = preSolution
		Debug|Any CPU = Debug|Any CPU
		Release|Any CPU = Release|Any CPU
	EndGlobalSection
	GlobalSection(ProjectConfigurationPlatforms) = postSolution
		{78AA18AC-A83D-4CF3-90DD-9468BB1C9F13}.Debug|Any CPU.ActiveCfg = Debug|Any CPU
		{78AA18AC-A83D-4CF3-90DD-9468BB1C9F13}.Debug|Any CPU.Build.0 = Debug|Any CPU
		{78AA18AC-A83D-4CF3-90DD-9468BB1C9F13}.Release|Any CPU.ActiveCfg = Release|Any CPU
		{78AA18AC-A83D-4CF3-90DD-9468BB1C9F13}.Release|Any CPU.Build.0 = Release|Any CPU
	EndGlobalSection
	GlobalSection(SolutionProperties) = preSolution
		HideSolutionNode = FALSE
	EndGlobalSection
	GlobalSection(ExtensibilityGlobals) = postSolution
		SolutionGuid = {D6A9349B-6F74-4415-AF82-B3538F83DC09}
	EndGlobalSection
EndGlobal
